
Microsoft Visual Studio Solution File, Format Version 12.00
# Visual Studio Version 16
VisualStudioVersion = 16.0.30204.135
MinimumVisualStudioVersion = 10.0.40219.1
Project("{FAE04EC0-301F-11D3-BF4B-00C04F79EFBC}") = "PuppeteerSharpDotNetCodeInDockerDemo", "PuppeteerSharpDotNetCodeInDockerDemo\PuppeteerSharpDotNetCodeInDockerDemo.csproj", "{8EA6E601-5DD7-4073-87EB-6912971C7CAB}"
EndProject
Global
	GlobalSection(SolutionConfigurationPlatforms) = preSolution
		Debug|Any CPU = Debug|Any CPU
		Release|Any CPU = Release|Any CPU
	EndGlobalSection
	GlobalSection(ProjectConfigurationPlatforms) = postSolution
		{8EA6E601-5DD7-4073-87EB-6912971C7CAB}.Debug|Any CPU.ActiveCfg = Debug|Any CPU
		{8EA6E601-5DD7-4073-87EB-6912971C7CAB}.Debug|Any CPU.Build.0 = Debug|Any CPU
		{8EA6E601-5DD7-4073-87EB-6912971C7CAB}.Release|Any CPU.ActiveCfg = Release|Any CPU
		{8EA6E601-5DD7-4073-87EB-6912971C7CAB}.Release|Any CPU.Build.0 = Release|Any CPU
	EndGlobalSection
	GlobalSection(SolutionProperties) = preSolution
		HideSolutionNode = FALSE
	EndGlobalSection
	GlobalSection(ExtensibilityGlobals) = postSolution
		SolutionGuid = {4E10B734-4DE3-405D-B18C-3FD18F7CC91D}
	EndGlobalSection
EndGlobal
